
Microsoft Visual Studio Solution File, Format Version 12.00
# Visual Studio Version 17
VisualStudioVersion = 17.8.34525.116
MinimumVisualStudioVersion = 10.0.40219.1
Project("{8BC9CEB8-8B4A-11D0-8D11-00A0C91BC942}") = "trabajo-15-de-mayo", "trabajo-15-de-mayo\trabajo-15-de-mayo.vcxproj", "{AEC9E33B-F82A-48C6-8469-6D35F7302CBF}"
EndProject
Global
	GlobalSection(SolutionConfigurationPlatforms) = preSolution
		Debug|x64 = Debug|x64
		Debug|x86 = Debug|x86
		Release|x64 = Release|x64
		Release|x86 = Release|x86
	EndGlobalSection
	GlobalSection(ProjectConfigurationPlatforms) = postSolution
		{AEC9E33B-F82A-48C6-8469-6D35F7302CBF}.Debug|x64.ActiveCfg = Debug|x64
		{AEC9E33B-F82A-48C6-8469-6D35F7302CBF}.Debug|x64.Build.0 = Debug|x64
		{AEC9E33B-F82A-48C6-8469-6D35F7302CBF}.Debug|x86.ActiveCfg = Debug|Win32
		{AEC9E33B-F82A-48C6-8469-6D35F7302CBF}.Debug|x86.Build.0 = Debug|Win32
		{AEC9E33B-F82A-48C6-8469-6D35F7302CBF}.Release|x64.ActiveCfg = Release|x64
		{AEC9E33B-F82A-48C6-8469-6D35F7302CBF}.Release|x64.Build.0 = Release|x64
		{AEC9E33B-F82A-48C6-8469-6D35F7302CBF}.Release|x86.ActiveCfg = Release|Win32
		{AEC9E33B-F82A-48C6-8469-6D35F7302CBF}.Release|x86.Build.0 = Release|Win32
	EndGlobalSection
	GlobalSection(SolutionProperties) = preSolution
		HideSolutionNode = FALSE
	EndGlobalSection
	GlobalSection(ExtensibilityGlobals) = postSolution
		SolutionGuid = {A0F13485-8500-44B1-A5A8-5AC42D35A523}
	EndGlobalSection
EndGlobal
