
Microsoft Visual Studio Solution File, Format Version 12.00
# Visual Studio Version 17
VisualStudioVersion = 17.8.34525.116
MinimumVisualStudioVersion = 10.0.40219.1
Project("{8BC9CEB8-8B4A-11D0-8D11-00A0C91BC942}") = "Tarea-10-de-abril", "Tarea-10-de-abril\Tarea-10-de-abril.vcxproj", "{8C03F619-D44B-408F-8C3F-D649AEB59550}"
EndProject
Global
	GlobalSection(SolutionConfigurationPlatforms) = preSolution
		Debug|x64 = Debug|x64
		Debug|x86 = Debug|x86
		Release|x64 = Release|x64
		Release|x86 = Release|x86
	EndGlobalSection
	GlobalSection(ProjectConfigurationPlatforms) = postSolution
		{8C03F619-D44B-408F-8C3F-D649AEB59550}.Debug|x64.ActiveCfg = Debug|x64
		{8C03F619-D44B-408F-8C3F-D649AEB59550}.Debug|x64.Build.0 = Debug|x64
		{8C03F619-D44B-408F-8C3F-D649AEB59550}.Debug|x86.ActiveCfg = Debug|Win32
		{8C03F619-D44B-408F-8C3F-D649AEB59550}.Debug|x86.Build.0 = Debug|Win32
		{8C03F619-D44B-408F-8C3F-D649AEB59550}.Release|x64.ActiveCfg = Release|x64
		{8C03F619-D44B-408F-8C3F-D649AEB59550}.Release|x64.Build.0 = Release|x64
		{8C03F619-D44B-408F-8C3F-D649AEB59550}.Release|x86.ActiveCfg = Release|Win32
		{8C03F619-D44B-408F-8C3F-D649AEB59550}.Release|x86.Build.0 = Release|Win32
	EndGlobalSection
	GlobalSection(SolutionProperties) = preSolution
		HideSolutionNode = FALSE
	EndGlobalSection
	GlobalSection(ExtensibilityGlobals) = postSolution
		SolutionGuid = {FB8B6C6E-124F-4B34-9113-AD2B1D54DFCB}
	EndGlobalSection
EndGlobal
